
Microsoft Visual Studio Solution File, Format Version 12.00
# Visual Studio Version 16
VisualStudioVersion = 16.0.30611.23
MinimumVisualStudioVersion = 10.0.40219.1
Project("{FAE04EC0-301F-11D3-BF4B-00C04F79EFBC}") = "WebApplication1", "WebApplication1\WebApplication1.csproj", "{593EA48F-E4A0-4D96-8C0D-D4F8167B313D}"
EndProject
Global
	GlobalSection(SolutionConfigurationPlatforms) = preSolution
		Debug|Any CPU = Debug|Any CPU
		Release|Any CPU = Release|Any CPU
	EndGlobalSection
	GlobalSection(ProjectConfigurationPlatforms) = postSolution
		{593EA48F-E4A0-4D96-8C0D-D4F8167B313D}.Debug|Any CPU.ActiveCfg = Debug|Any CPU
		{593EA48F-E4A0-4D96-8C0D-D4F8167B313D}.Debug|Any CPU.Build.0 = Debug|Any CPU
		{593EA48F-E4A0-4D96-8C0D-D4F8167B313D}.Release|Any CPU.ActiveCfg = Release|Any CPU
		{593EA48F-E4A0-4D96-8C0D-D4F8167B313D}.Release|Any CPU.Build.0 = Release|Any CPU
	EndGlobalSection
	GlobalSection(SolutionProperties) = preSolution
		HideSolutionNode = FALSE
	EndGlobalSection
	GlobalSection(ExtensibilityGlobals) = postSolution
		SolutionGuid = {21BDB97A-BAB9-4F11-A2E6-28DEE9B3C4F9}
	EndGlobalSection
EndGlobal
